
Microsoft Visual Studio Solution File, Format Version 12.00
# Visual Studio Version 17
VisualStudioVersion = 17.5.33530.505
MinimumVisualStudioVersion = 10.0.40219.1
Project("{FAE04EC0-301F-11D3-BF4B-00C04F79EFBC}") = "ConsoleApp2", "ConsoleApp2.csproj", "{628E1ACD-D1A3-437C-9384-91D0D1B4D496}"
EndProject
Global
	GlobalSection(SolutionConfigurationPlatforms) = preSolution
		Debug|Any CPU = Debug|Any CPU
		Release|Any CPU = Release|Any CPU
	EndGlobalSection
	GlobalSection(ProjectConfigurationPlatforms) = postSolution
		{628E1ACD-D1A3-437C-9384-91D0D1B4D496}.Debug|Any CPU.ActiveCfg = Debug|Any CPU
		{628E1ACD-D1A3-437C-9384-91D0D1B4D496}.Debug|Any CPU.Build.0 = Debug|Any CPU
		{628E1ACD-D1A3-437C-9384-91D0D1B4D496}.Release|Any CPU.ActiveCfg = Release|Any CPU
		{628E1ACD-D1A3-437C-9384-91D0D1B4D496}.Release|Any CPU.Build.0 = Release|Any CPU
	EndGlobalSection
	GlobalSection(SolutionProperties) = preSolution
		HideSolutionNode = FALSE
	EndGlobalSection
	GlobalSection(ExtensibilityGlobals) = postSolution
		SolutionGuid = {EE1393A0-1CDF-4393-A47B-7D3758E1A4B8}
	EndGlobalSection
EndGlobal
